{
  "name": "5.7",
  "lockfileVersion": 3,
  "requires": true,
  "packages": {
    "": {
      "dependencies": {
        "types-registry": "^0.1.710"
      },
      "devDependencies": {
        "@types/accepts": "^1.3.7",
        "@types/async": "^3.2.24",
        "@types/base64id": "^2.0.2",
        "@types/body-parser": "^1.19.5",
        "@types/bytes": "^3.1.5",
        "@types/call-bind": "^1.0.5",
        "@types/content-disposition": "^0.5.8",
        "@types/content-type": "^1.1.8",
        "@types/cookie-signature": "^1.1.2",
        "@types/cors": "^2.8.17",
        "@types/debug": "^4.1.12",
        "@types/depd": "^1.1.37",
        "@types/destroy": "^1.0.3",
        "@types/ee-first": "^1.1.3",
        "@types/encodeurl": "^1.0.2",
        "@types/escape-html": "^1.0.4",
        "@types/etag": "^1.8.3",
        "@types/express": "^5.0.0",
        "@types/finalhandler": "^1.2.3",
        "@types/forwarded": "^0.1.3",
        "@types/fresh": "^0.5.2",
        "@types/function-bind": "^1.1.10",
        "@types/get-intrinsic": "^1.2.3",
        "@types/gopd": "^1.0.3",
        "@types/has-property-descriptors": "^1.0.3",
        "@types/http-errors": "^2.0.4",
        "@types/inherits": "^2.0.0",
        "@types/media-typer": "^1.1.3",
        "@types/merge-descriptors": "^1.0.3",
        "@types/methods": "^1.1.4",
        "@types/mime-db": "^1.43.5",
        "@types/mime-types": "^2.1.4",
        "@types/ms": "^2.1.0",
        "@types/nedb": "^1.8.16",
        "@types/negotiator": "^0.6.3",
        "@types/object-assign": "^4.0.33",
        "@types/object-inspect": "^1.13.0",
        "@types/on-finished": "^2.3.4",
        "@types/parseurl": "^1.3.3",
        "@types/proxy-addr": "^2.0.3",
        "@types/qs": "^6.9.18",
        "@types/range-parser": "^1.2.7",
        "@types/safer-buffer": "^2.1.3",
        "@types/send": "^0.17.4",
        "@types/serve-static": "^1.15.7",
        "@types/statuses": "^2.0.5",
        "@types/toidentifier": "^1.0.2",
        "@types/type-is": "^1.6.7",
        "@types/underscore": "^1.13.0",
        "@types/utils-merge": "^1.0.0",
        "@types/vary": "^1.1.3",
        "@types/ws": "^8.5.14"
      }
    },
    "node_modules/@types/accepts": {
      "version": "1.3.7",
      "resolved": "https://registry.npmjs.org/@types/accepts/-/accepts-1.3.7.tgz",
      "integrity": "sha512-Pay9fq2lM2wXPWbteBsRAGiWH2hig4ZE2asK+mm7kUzlxRTfL961rj89I6zV/E3PcIkDqyuBEcMxFT7rccugeQ==",
      "dev": true,
      "dependencies": {
        "@types/node": "*"
      }
    },
    "node_modules/@types/async": {
      "version": "3.2.24",
      "resolved": "https://registry.npmjs.org/@types/async/-/async-3.2.24.tgz",
      "integrity": "sha512-8iHVLHsCCOBKjCF2KwFe0p9Z3rfM9mL+sSP8btyR5vTjJRAqpBYD28/ZLgXPf0pjG1VxOvtCV/BgXkQbpSe8Hw==",
      "dev": true
    },
    "node_modules/@types/base64id": {
      "version": "2.0.2",
      "resolved": "https://registry.npmjs.org/@types/base64id/-/base64id-2.0.2.tgz",
      "integrity": "sha512-L/KwKcOKG3PPFXBsXJnBsvPKn5LxOpL7eO1Fwq4il1iGiMNYbEapPVqOONPMzxB08WUJOLWcLHL7y8kLUgDp2Q==",
      "dev": true,
      "dependencies": {
        "@types/node": "*"
      }
    },
    "node_modules/@types/body-parser": {
      "version": "1.19.5",
      "resolved": "https://registry.npmjs.org/@types/body-parser/-/body-parser-1.19.5.tgz",
      "integrity": "sha512-fB3Zu92ucau0iQ0JMCFQE7b/dv8Ot07NI3KaZIkIUNXq82k4eBAqUaneXfleGY9JWskeS9y+u0nXMyspcuQrCg==",
      "dev": true,
      "dependencies": {
        "@types/connect": "*",
        "@types/node": "*"
      }
    },
    "node_modules/@types/bytes": {
      "version": "3.1.5",
      "resolved": "https://registry.npmjs.org/@types/bytes/-/bytes-3.1.5.tgz",
      "integrity": "sha512-VgZkrJckypj85YxEsEavcMmmSOIzkUHqWmM4CCyia5dc54YwsXzJ5uT4fYxBQNEXx+oF1krlhgCbvfubXqZYsQ==",
      "dev": true
    },
    "node_modules/@types/call-bind": {
      "version": "1.0.5",
      "resolved": "https://registry.npmjs.org/@types/call-bind/-/call-bind-1.0.5.tgz",
      "integrity": "sha512-7kCxl5FGXPEu5ov4auOTJiXQy6/heCpRcjbk54WAeKOEAclJTb5z6PDb8Ai85A51bxczAM0PHdes3p3340nM3g==",
      "dev": true,
      "dependencies": {
        "@types/get-intrinsic": "*"
      }
    },
    "node_modules/@types/connect": {
      "version": "3.4.38",
      "resolved": "https://registry.npmjs.org/@types/connect/-/connect-3.4.38.tgz",
      "integrity": "sha512-K6uROf1LD88uDQqJCktA4yzL1YYAK6NgfsI0v/mTgyPKWsX1CnJ0XPSDhViejru1GcRkLWb8RlzFYJRqGUbaug==",
      "dev": true,
      "dependencies": {
        "@types/node": "*"
      }
    },
    "node_modules/@types/content-disposition": {
      "version": "0.5.8",
      "resolved": "https://registry.npmjs.org/@types/content-disposition/-/content-disposition-0.5.8.tgz",
      "integrity": "sha512-QVSSvno3dE0MgO76pJhmv4Qyi/j0Yk9pBp0Y7TJ2Tlj+KCgJWY6qX7nnxCOLkZ3VYRSIk1WTxCvwUSdx6CCLdg==",
      "dev": true
    },
    "node_modules/@types/content-type": {
      "version": "1.1.8",
      "resolved": "https://registry.npmjs.org/@types/content-type/-/content-type-1.1.8.tgz",
      "integrity": "sha512-1tBhmVUeso3+ahfyaKluXe38p+94lovUZdoVfQ3OnJo9uJC42JT7CBoN3k9HYhAae+GwiBYmHu+N9FZhOG+2Pg==",
      "dev": true
    },
    "node_modules/@types/cookie-signature": {
      "version": "1.1.2",
      "resolved": "https://registry.npmjs.org/@types/cookie-signature/-/cookie-signature-1.1.2.tgz",
      "integrity": "sha512-2OhrZV2LVnUAXklUFwuYUTokalh/dUb8rqt70OW6ByMSxYpauPZ+kfNLknX3aJyjY5iu8i3cUyoLZP9Fn37tTg==",
      "dev": true,
      "dependencies": {
        "@types/node": "*"
      }
    },
    "node_modules/@types/cors": {
      "version": "2.8.17",
      "resolved": "https://registry.npmjs.org/@types/cors/-/cors-2.8.17.tgz",
      "integrity": "sha512-8CGDvrBj1zgo2qE+oS3pOCyYNqCPryMWY2bGfwA0dcfopWGgxs+78df0Rs3rc9THP4JkOhLsAa+15VdpAqkcUA==",
      "dev": true,
      "dependencies": {
        "@types/node": "*"
      }
    },
    "node_modules/@types/debug": {
      "version": "4.1.12",
      "resolved": "https://registry.npmjs.org/@types/debug/-/debug-4.1.12.tgz",
      "integrity": "sha512-vIChWdVG3LG1SMxEvI/AK+FWJthlrqlTu7fbrlywTkkaONwk/UAGaULXRlf8vkzFBLVm0zkMdCquhL5aOjhXPQ==",
      "dev": true,
      "dependencies": {
        "@types/ms": "*"
      }
    },
    "node_modules/@types/depd": {
      "version": "1.1.37",
      "resolved": "https://registry.npmjs.org/@types/depd/-/depd-1.1.37.tgz",
      "integrity": "sha512-PkEYFHnqDFgs+bJXJX0L8mq7sn3DWh+TP0m8BBJUJfZ2WcjRm7jd7Cq68jIJt+c31R1gX0cwSK1ZXOECvN97Rg==",
      "dev": true,
      "dependencies": {
        "@types/node": "*"
      }
    },
    "node_modules/@types/destroy": {
      "version": "1.0.3",
      "resolved": "https://registry.npmjs.org/@types/destroy/-/destroy-1.0.3.tgz",
      "integrity": "sha512-nRcH61sRUBct1KM6dV4kjNzgLBrM6eSafsBfoGo/tOeKkTPbYsqi5uJqh8Rq7M9+stYh0wW+Tg56XFcsCPrjhw==",
      "dev": true,
      "dependencies": {
        "@types/node": "*"
      }
    },
    "node_modules/@types/ee-first": {
      "version": "1.1.3",
      "resolved": "https://registry.npmjs.org/@types/ee-first/-/ee-first-1.1.3.tgz",
      "integrity": "sha512-j0b+mUFtBRe1n3bwikuFmooko73tiy6ArIb2ZjmsstYXdzsSt7MTlldEM39WIXVsElpUWOAiMFQeFpYOGNB4uQ==",
      "dev": true,
      "dependencies": {
        "@types/node": "*"
      }
    },
    "node_modules/@types/encodeurl": {
      "version": "1.0.2",
      "resolved": "https://registry.npmjs.org/@types/encodeurl/-/encodeurl-1.0.2.tgz",
      "integrity": "sha512-oSnLIbaOi9CK6ksuZLxVfIs95wzG0gxjch0Mu0P/ViwLj5gvqmd2iy0e6NYluiEOCeUIFdyE9oR9kLKwDa++dw==",
      "dev": true
    },
    "node_modules/@types/escape-html": {
      "version": "1.0.4",
      "resolved": "https://registry.npmjs.org/@types/escape-html/-/escape-html-1.0.4.tgz",
      "integrity": "sha512-qZ72SFTgUAZ5a7Tj6kf2SHLetiH5S6f8G5frB2SPQ3EyF02kxdyBFf4Tz4banE3xCgGnKgWLt//a6VuYHKYJTg==",
      "dev": true
    },
    "node_modules/@types/etag": {
      "version": "1.8.3",
      "resolved": "https://registry.npmjs.org/@types/etag/-/etag-1.8.3.tgz",
      "integrity": "sha512-QYHv9Yeh1ZYSMPQOoxY4XC4F1r+xRUiAriB303F4G6uBsT3KKX60DjiogvVv+2VISVDuJhcIzMdbjT+Bm938QQ==",
      "dev": true,
      "dependencies": {
        "@types/node": "*"
      }
    },
    "node_modules/@types/express": {
      "version": "5.0.0",
      "resolved": "https://registry.npmjs.org/@types/express/-/express-5.0.0.tgz",
      "integrity": "sha512-DvZriSMehGHL1ZNLzi6MidnsDhUZM/x2pRdDIKdwbUNqqwHxMlRdkxtn6/EPKyqKpHqTl/4nRZsRNLpZxZRpPQ==",
      "dev": true,
      "dependencies": {
        "@types/body-parser": "*",
        "@types/express-serve-static-core": "^5.0.0",
        "@types/qs": "*",
        "@types/serve-static": "*"
      }
    },
    "node_modules/@types/express-serve-static-core": {
      "version": "5.0.6",
      "resolved": "https://registry.npmjs.org/@types/express-serve-static-core/-/express-serve-static-core-5.0.6.tgz",
      "integrity": "sha512-3xhRnjJPkULekpSzgtoNYYcTWgEZkp4myc+Saevii5JPnHNvHMRlBSHDbs7Bh1iPPoVTERHEZXyhyLbMEsExsA==",
      "dev": true,
      "dependencies": {
        "@types/node": "*",
        "@types/qs": "*",
        "@types/range-parser": "*",
        "@types/send": "*"
      }
    },
    "node_modules/@types/finalhandler": {
      "version": "1.2.3",
      "resolved": "https://registry.npmjs.org/@types/finalhandler/-/finalhandler-1.2.3.tgz",
      "integrity": "sha512-I+Ba0JZEiuSr8LLjVmBhvLBEN8KG9GSITNXWwPCLeAvZj/k5pXEdOBEvnEEIgA038eeaauJ3BPxbuxeFBsqqUw==",
      "dev": true,
      "dependencies": {
        "@types/node": "*"
      }
    },
    "node_modules/@types/forwarded": {
      "version": "0.1.3",
      "resolved": "https://registry.npmjs.org/@types/forwarded/-/forwarded-0.1.3.tgz",
      "integrity": "sha512-b6nH+hVy48XJEtuTkgfk2mY9JuR1JdOanOcDHXf8nJuE8JtZj9Fs46QCalKvjFOyzMLIZEXAYCYfxP/596bMHg==",
      "dev": true,
      "dependencies": {
        "@types/node": "*"
      }
    },
    "node_modules/@types/fresh": {
      "version": "0.5.2",
      "resolved": "https://registry.npmjs.org/@types/fresh/-/fresh-0.5.2.tgz",
      "integrity": "sha512-3WJILVS3mH25chJYG8WLzgohpXkqSE5S1dKFSWi+0O6hLjzZKL+AUvjFsk3YqwnUcRL6lQ2BR1IKVwedj5AiEw==",
      "dev": true
    },
    "node_modules/@types/function-bind": {
      "version": "1.1.10",
      "resolved": "https://registry.npmjs.org/@types/function-bind/-/function-bind-1.1.10.tgz",
      "integrity": "sha512-DCqXAnivJmYtk2ERufryJbNB606D4ae4PjjD2PC1eboq+mBF1XGlMEMCmoarPAWicKMIpSFoxXlWfgHnWoXvCQ==",
      "dev": true
    },
    "node_modules/@types/get-intrinsic": {
      "version": "1.2.3",
      "resolved": "https://registry.npmjs.org/@types/get-intrinsic/-/get-intrinsic-1.2.3.tgz",
      "integrity": "sha512-snGKUfZKZ4OBdh5exTMWbfCx2BgTx8QePbIg0jOawZe56AlJXRsuehT/vwZwEFW6Ac6NB0aDE6NhHsq3k0WSyQ==",
      "dev": true
    },
    "node_modules/@types/gopd": {
      "version": "1.0.3",
      "resolved": "https://registry.npmjs.org/@types/gopd/-/gopd-1.0.3.tgz",
      "integrity": "sha512-tRTWCb/kQgjCxHjAv0G7K0rQ1j/Cu1zVzFuS7LFcqii1fESnDgx79XYOLrPud9Bb2BRVMGIxG8EqHvOjNgq+0A==",
      "dev": true
    },
    "node_modules/@types/has-property-descriptors": {
      "version": "1.0.3",
      "resolved": "https://registry.npmjs.org/@types/has-property-descriptors/-/has-property-descriptors-1.0.3.tgz",
      "integrity": "sha512-0WhrwJZ7kXr9muyCjtii6vGnfyexO9WOMVWU9ESo4sh4xet7j5cJC4ye4+LMzAzXimE5iR3xa1vXWBXkX/WMNQ==",
      "dev": true
    },
    "node_modules/@types/http-errors": {
      "version": "2.0.4",
      "resolved": "https://registry.npmjs.org/@types/http-errors/-/http-errors-2.0.4.tgz",
      "integrity": "sha512-D0CFMMtydbJAegzOyHjtiKPLlvnm3iTZyZRSZoLq2mRhDdmLfIWOCYPfQJ4cu2erKghU++QvjcUjp/5h7hESpA==",
      "dev": true
    },
    "node_modules/@types/inherits": {
      "version": "2.0.0",
      "resolved": "https://registry.npmjs.org/@types/inherits/-/inherits-2.0.0.tgz",
      "integrity": "sha512-AD2xyRP3BdN6sJoUIFnrSLi5RWxGwmSFWuCdfv5JIPh2pU5slsvLsK72W0tYxuCe5CB+1ZjJHJ73jBVz+vT7TA==",
      "dev": true,
      "dependencies": {
        "@types/node": "*"
      }
    },
    "node_modules/@types/media-typer": {
      "version": "1.1.3",
      "resolved": "https://registry.npmjs.org/@types/media-typer/-/media-typer-1.1.3.tgz",
      "integrity": "sha512-VdcF4m1OVqqBZXzoWVneuJkTSk3edcd2Tu9fNWh5fu8UI+YImy/ZzqXkM4nqszV2I+D36IpEOsRLlgqI728yyA==",
      "dev": true
    },
    "node_modules/@types/merge-descriptors": {
      "version": "1.0.3",
      "resolved": "https://registry.npmjs.org/@types/merge-descriptors/-/merge-descriptors-1.0.3.tgz",
      "integrity": "sha512-ZhU/HNM9R75TO8PBn0+zDi7tbYEygeraTjDHAkGpgFFKKEj/Al4RysG+oWyrRusPRDUvctaK+SYrw1m2SdLNNQ==",
      "dev": true
    },
    "node_modules/@types/methods": {
      "version": "1.1.4",
      "resolved": "https://registry.npmjs.org/@types/methods/-/methods-1.1.4.tgz",
      "integrity": "sha512-ymXWVrDiCxTBE3+RIrrP533E70eA+9qu7zdWoHuOmGujkYtzf4HQF96b8nwHLqhuf4ykX61IGRIB38CC6/sImQ==",
      "dev": true
    },
    "node_modules/@types/mime": {
      "version": "1.3.5",
      "resolved": "https://registry.npmjs.org/@types/mime/-/mime-1.3.5.tgz",
      "integrity": "sha512-/pyBZWSLD2n0dcHE3hq8s8ZvcETHtEuF+3E7XVt0Ig2nvsVQXdghHVcEkIWjy9A0wKfTn97a/PSDYohKIlnP/w==",
      "dev": true
    },
    "node_modules/@types/mime-db": {
      "version": "1.43.5",
      "resolved": "https://registry.npmjs.org/@types/mime-db/-/mime-db-1.43.5.tgz",
      "integrity": "sha512-/bfTiIUTNPUBnwnYvUxXAre5MhD88jgagLEQiQtIASjU+bwxd8kS/ASDA4a8ufd8m0Lheu6eeMJHEUpLHoJ28A==",
      "dev": true
    },
    "node_modules/@types/mime-types": {
      "version": "2.1.4",
      "resolved": "https://registry.npmjs.org/@types/mime-types/-/mime-types-2.1.4.tgz",
      "integrity": "sha512-lfU4b34HOri+kAY5UheuFMWPDOI+OPceBSHZKp69gEyTL/mmJ4cnU6Y/rlme3UL3GyOn6Y42hyIEw0/q8sWx5w==",
      "dev": true
    },
    "node_modules/@types/ms": {
      "version": "2.1.0",
      "resolved": "https://registry.npmjs.org/@types/ms/-/ms-2.1.0.tgz",
      "integrity": "sha512-GsCCIZDE/p3i96vtEqx+7dBUGXrc7zeSK3wwPHIaRThS+9OhWIXRqzs4d6k1SVU8g91DrNRWxWUGhp5KXQb2VA==",
      "dev": true
    },
    "node_modules/@types/nedb": {
      "version": "1.8.16",
      "resolved": "https://registry.npmjs.org/@types/nedb/-/nedb-1.8.16.tgz",
      "integrity": "sha512-ND+uzwAZk7ZI9byOvHGOcZe2R9XUcLF698yDJKn00trFvh+GaemkX3gQKCSKtObjDpv8Uuou+k8v4x4scPr4TA==",
      "dev": true,
      "dependencies": {
        "@types/node": "*"
      }
    },
    "node_modules/@types/negotiator": {
      "version": "0.6.3",
      "resolved": "https://registry.npmjs.org/@types/negotiator/-/negotiator-0.6.3.tgz",
      "integrity": "sha512-JkXTOdKs5MF086b/pt8C3+yVp3iDUwG635L7oCH6HvJvvr6lSUU5oe/gLXnPEfYRROHjJIPgCV6cuAg8gGkntQ==",
      "dev": true
    },
    "node_modules/@types/node": {
      "version": "22.13.4",
      "resolved": "https://registry.npmjs.org/@types/node/-/node-22.13.4.tgz",
      "integrity": "sha512-ywP2X0DYtX3y08eFVx5fNIw7/uIv8hYUKgXoK8oayJlLnKcRfEYCxWMVE1XagUdVtCJlZT1AU4LXEABW+L1Peg==",
      "dev": true,
      "dependencies": {
        "undici-types": "~6.20.0"
      }
    },
    "node_modules/@types/object-assign": {
      "version": "4.0.33",
      "resolved": "https://registry.npmjs.org/@types/object-assign/-/object-assign-4.0.33.tgz",
      "integrity": "sha512-HeuamLPmpVPuJU/oY7z/YGAezy4HFy6mhvzwupi9Xc8n0FKY8tR1/U3AKaOn/I5Mb4dvbw2szSYcXi84eW07TQ==",
      "dev": true
    },
    "node_modules/@types/object-inspect": {
      "version": "1.13.0",
      "resolved": "https://registry.npmjs.org/@types/object-inspect/-/object-inspect-1.13.0.tgz",
      "integrity": "sha512-lwGTVESDDV+XsQ1pH4UifpJ1f7OtXzQ6QBOX2Afq2bM/T3oOt8hF6exJMjjIjtEWeAN2YAo25J7HxWh97CCz9w==",
      "dev": true
    },
    "node_modules/@types/on-finished": {
      "version": "2.3.4",
      "resolved": "https://registry.npmjs.org/@types/on-finished/-/on-finished-2.3.4.tgz",
      "integrity": "sha512-Ld4UQD3udYcKPaAWlI1EYXKhefkZcTlpqOLkQRmN3u5Ml/tUypMivUHbNH8LweP4H4FlhGGO+uBjJI1Y1dkE1g==",
      "dev": true,
      "dependencies": {
        "@types/node": "*"
      }
    },
    "node_modules/@types/parseurl": {
      "version": "1.3.3",
      "resolved": "https://registry.npmjs.org/@types/parseurl/-/parseurl-1.3.3.tgz",
      "integrity": "sha512-eamlh+uXpNIG2yVdl6UdBTR3B6jtmJl/JWTNTQAN1K3VH1s5F6UPOhgLwCnU9FJ7R/PnUsRN9zFSpMcxwa2Ndg==",
      "dev": true,
      "dependencies": {
        "@types/node": "*"
      }
    },
    "node_modules/@types/proxy-addr": {
      "version": "2.0.3",
      "resolved": "https://registry.npmjs.org/@types/proxy-addr/-/proxy-addr-2.0.3.tgz",
      "integrity": "sha512-TgAHHO4tNG3HgLTUhB+hM4iwW6JUNeQHCLnF1DjaDA9c69PN+IasoFu2MYDhubFc+ZIw5c5t9DMtjvrD6R3Egg==",
      "dev": true,
      "dependencies": {
        "@types/node": "*"
      }
    },
    "node_modules/@types/qs": {
      "version": "6.9.18",
      "resolved": "https://registry.npmjs.org/@types/qs/-/qs-6.9.18.tgz",
      "integrity": "sha512-kK7dgTYDyGqS+e2Q4aK9X3D7q234CIZ1Bv0q/7Z5IwRDoADNU81xXJK/YVyLbLTZCoIwUoDoffFeF+p/eIklAA==",
      "dev": true
    },
    "node_modules/@types/range-parser": {
      "version": "1.2.7",
      "resolved": "https://registry.npmjs.org/@types/range-parser/-/range-parser-1.2.7.tgz",
      "integrity": "sha512-hKormJbkJqzQGhziax5PItDUTMAM9uE2XXQmM37dyd4hVM+5aVl7oVxMVUiVQn2oCQFN/LKCZdvSM0pFRqbSmQ==",
      "dev": true
    },
    "node_modules/@types/safer-buffer": {
      "version": "2.1.3",
      "resolved": "https://registry.npmjs.org/@types/safer-buffer/-/safer-buffer-2.1.3.tgz",
      "integrity": "sha512-5o3RcpBa7mUFnnnoMa9UIGOf9naD4DCKKMYzqkm9OSY7NNTd26k7adNC+fphcVRI9BUJglBs2yJQiRZYqBF/8w==",
      "dev": true,
      "dependencies": {
        "@types/node": "*"
      }
    },
    "node_modules/@types/send": {
      "version": "0.17.4",
      "resolved": "https://registry.npmjs.org/@types/send/-/send-0.17.4.tgz",
      "integrity": "sha512-x2EM6TJOybec7c52BX0ZspPodMsQUd5L6PRwOunVyVUhXiBSKf3AezDL8Dgvgt5o0UfKNfuA0eMLr2wLT4AiBA==",
      "dev": true,
      "dependencies": {
        "@types/mime": "^1",
        "@types/node": "*"
      }
    },
    "node_modules/@types/serve-static": {
      "version": "1.15.7",
      "resolved": "https://registry.npmjs.org/@types/serve-static/-/serve-static-1.15.7.tgz",
      "integrity": "sha512-W8Ym+h8nhuRwaKPaDw34QUkwsGi6Rc4yYqvKFo5rm2FUEhCFbzVWrxXUxuKK8TASjWsysJY0nsmNCGhCOIsrOw==",
      "dev": true,
      "dependencies": {
        "@types/http-errors": "*",
        "@types/node": "*",
        "@types/send": "*"
      }
    },
    "node_modules/@types/statuses": {
      "version": "2.0.5",
      "resolved": "https://registry.npmjs.org/@types/statuses/-/statuses-2.0.5.tgz",
      "integrity": "sha512-jmIUGWrAiwu3dZpxntxieC+1n/5c3mjrImkmOSQ2NC5uP6cYO4aAZDdSmRcI5C1oiTmqlZGHC+/NmJrKogbP5A==",
      "dev": true
    },
    "node_modules/@types/toidentifier": {
      "version": "1.0.2",
      "resolved": "https://registry.npmjs.org/@types/toidentifier/-/toidentifier-1.0.2.tgz",
      "integrity": "sha512-QDud7UhHNNPBlyEXVT6Taf/0S3hEM5Iid+q/zwBmjJPCGL5j27uhwECQnFSQbedbLqhQIB9fzDNaBwU+blFL6A==",
      "dev": true
    },
    "node_modules/@types/type-is": {
      "version": "1.6.7",
      "resolved": "https://registry.npmjs.org/@types/type-is/-/type-is-1.6.7.tgz",
      "integrity": "sha512-gEsh7n8824nusZ2Sidh6POxNsIdTSvIAl5gXbeFj+TUaD1CO2r4i7MQYNMfEQkChU42s2bVWAda6x6BzIhtFbQ==",
      "dev": true,
      "dependencies": {
        "@types/node": "*"
      }
    },
    "node_modules/@types/underscore": {
      "version": "1.13.0",
      "resolved": "https://registry.npmjs.org/@types/underscore/-/underscore-1.13.0.tgz",
      "integrity": "sha512-L6LBgy1f0EFQZ+7uSA57+n2g/s4Qs5r06Vwrwn0/nuK1de+adz00NWaztRQ30aEqw5qOaWbPI8u2cGQ52lj6VA==",
      "dev": true
    },
    "node_modules/@types/utils-merge": {
      "version": "1.0.0",
      "resolved": "https://registry.npmjs.org/@types/utils-merge/-/utils-merge-1.0.0.tgz",
      "integrity": "sha512-s4Pwa6tohpaGgMqLYFnd+GS0pJcVkBESj+QbOfUa2MY4Erdi1olXLxEFfUKjIbAe2uSwhM0KSaLSSR9eohDiSw==",
      "dev": true
    },
    "node_modules/@types/vary": {
      "version": "1.1.3",
      "resolved": "https://registry.npmjs.org/@types/vary/-/vary-1.1.3.tgz",
      "integrity": "sha512-XJT8/ZQCL7NUut9QDLf6l24JfAEl7bnNdgxfj50cHIpEPRJLHHDDFOAq6i+GsEmeFfH7NamhBE4c4Thtb2egWg==",
      "dev": true,
      "dependencies": {
        "@types/node": "*"
      }
    },
    "node_modules/@types/ws": {
      "version": "8.5.14",
      "resolved": "https://registry.npmjs.org/@types/ws/-/ws-8.5.14.tgz",
      "integrity": "sha512-bd/YFLW+URhBzMXurx7lWByOu+xzU9+kb3RboOteXYDfW+tr+JZa99OyNmPINEGB/ahzKrEuc8rcv4gnpJmxTw==",
      "dev": true,
      "dependencies": {
        "@types/node": "*"
      }
    },
    "node_modules/types-registry": {
      "version": "0.1.710",
      "resolved": "https://registry.npmjs.org/types-registry/-/types-registry-0.1.710.tgz",
      "integrity": "sha512-9zp3uyvQ4b8/r49ng2LIm0cyOBUgvPdFR7D+J5fBLEzXYFoHB93DGRv1hZZhuAMu2Jl18ULD0mM8rPb92iijXQ=="
    },
    "node_modules/undici-types": {
      "version": "6.20.0",
      "resolved": "https://registry.npmjs.org/undici-types/-/undici-types-6.20.0.tgz",
      "integrity": "sha512-Ny6QZ2Nju20vw1SRHe3d9jVu6gJ+4e3+MMpqu7pqE5HT6WsTSlce++GQmK5UXS8mzV8DSYHrQH+Xrf2jVcuKNg==",
      "dev": true
    }
  }
}
